
Microsoft Visual Studio Solution File, Format Version 12.00
# Visual Studio Version 16
VisualStudioVersion = 16.0.30320.27
MinimumVisualStudioVersion = 10.0.40219.1
Project("{FAE04EC0-301F-11D3-BF4B-00C04F79EFBC}") = "GPK_RePack", "GPK_RePack\GPK_RePack.csproj", "{242D4D28-DE0E-4238-85A4-9B1AE6AD6410}"
EndProject
Project("{2150E333-8FDC-42A3-9474-1A3956D46DE8}") = ".nuget", ".nuget", "{A2551F8E-23C9-44DF-BBE3-B3AC95D9E226}"
EndProject
Project("{FAE04EC0-301F-11D3-BF4B-00C04F79EFBC}") = "Lzo64", "lzo64\Lzo64.csproj", "{730FEFD9-D8AC-4978-9434-3066C54FC25D}"
EndProject
Project("{FAE04EC0-301F-11D3-BF4B-00C04F79EFBC}") = "UpkManager.Dds", "UpkManager.Dds\UpkManager.Dds.csproj", "{63287C47-8658-4401-9C51-D06C2A95AF99}"
EndProject
Global
	GlobalSection(SolutionConfigurationPlatforms) = preSolution
		Debug|Any CPU = Debug|Any CPU
		Debug|Mixed Platforms = Debug|Mixed Platforms
		Debug|x86 = Debug|x86
		Release|Any CPU = Release|Any CPU
		Release|Mixed Platforms = Release|Mixed Platforms
		Release|x86 = Release|x86
	EndGlobalSection
	GlobalSection(ProjectConfigurationPlatforms) = postSolution
		{242D4D28-DE0E-4238-85A4-9B1AE6AD6410}.Debug|Any CPU.ActiveCfg = Debug|Any CPU
		{242D4D28-DE0E-4238-85A4-9B1AE6AD6410}.Debug|Any CPU.Build.0 = Debug|Any CPU
		{242D4D28-DE0E-4238-85A4-9B1AE6AD6410}.Debug|Mixed Platforms.ActiveCfg = Debug|Any CPU
		{242D4D28-DE0E-4238-85A4-9B1AE6AD6410}.Debug|Mixed Platforms.Build.0 = Debug|Any CPU
		{242D4D28-DE0E-4238-85A4-9B1AE6AD6410}.Debug|x86.ActiveCfg = Debug|Any CPU
		{242D4D28-DE0E-4238-85A4-9B1AE6AD6410}.Release|Any CPU.ActiveCfg = Release|Any CPU
		{242D4D28-DE0E-4238-85A4-9B1AE6AD6410}.Release|Any CPU.Build.0 = Release|Any CPU
		{242D4D28-DE0E-4238-85A4-9B1AE6AD6410}.Release|Mixed Platforms.ActiveCfg = Release|Any CPU
		{242D4D28-DE0E-4238-85A4-9B1AE6AD6410}.Release|Mixed Platforms.Build.0 = Release|Any CPU
		{242D4D28-DE0E-4238-85A4-9B1AE6AD6410}.Release|x86.ActiveCfg = Release|Any CPU
		{730FEFD9-D8AC-4978-9434-3066C54FC25D}.Debug|Any CPU.ActiveCfg = Debug|x86
		{730FEFD9-D8AC-4978-9434-3066C54FC25D}.Debug|Mixed Platforms.ActiveCfg = Debug|x86
		{730FEFD9-D8AC-4978-9434-3066C54FC25D}.Debug|Mixed Platforms.Build.0 = Debug|x86
		{730FEFD9-D8AC-4978-9434-3066C54FC25D}.Debug|x86.ActiveCfg = Debug|x86
		{730FEFD9-D8AC-4978-9434-3066C54FC25D}.Debug|x86.Build.0 = Debug|x86
		{730FEFD9-D8AC-4978-9434-3066C54FC25D}.Release|Any CPU.ActiveCfg = Release|x86
		{730FEFD9-D8AC-4978-9434-3066C54FC25D}.Release|Mixed Platforms.ActiveCfg = Release|x86
		{730FEFD9-D8AC-4978-9434-3066C54FC25D}.Release|Mixed Platforms.Build.0 = Release|x86
		{730FEFD9-D8AC-4978-9434-3066C54FC25D}.Release|x86.ActiveCfg = Release|x86
		{730FEFD9-D8AC-4978-9434-3066C54FC25D}.Release|x86.Build.0 = Release|x86
		{63287C47-8658-4401-9C51-D06C2A95AF99}.Debug|Any CPU.ActiveCfg = Debug|Any CPU
		{63287C47-8658-4401-9C51-D06C2A95AF99}.Debug|Any CPU.Build.0 = Debug|Any CPU
		{63287C47-8658-4401-9C51-D06C2A95AF99}.Debug|Mixed Platforms.ActiveCfg = Debug|Any CPU
		{63287C47-8658-4401-9C51-D06C2A95AF99}.Debug|Mixed Platforms.Build.0 = Debug|Any CPU
		{63287C47-8658-4401-9C51-D06C2A95AF99}.Debug|x86.ActiveCfg = Debug|Any CPU
		{63287C47-8658-4401-9C51-D06C2A95AF99}.Release|Any CPU.ActiveCfg = Release|Any CPU
		{63287C47-8658-4401-9C51-D06C2A95AF99}.Release|Any CPU.Build.0 = Release|Any CPU
		{63287C47-8658-4401-9C51-D06C2A95AF99}.Release|Mixed Platforms.ActiveCfg = Release|Any CPU
		{63287C47-8658-4401-9C51-D06C2A95AF99}.Release|Mixed Platforms.Build.0 = Release|Any CPU
		{63287C47-8658-4401-9C51-D06C2A95AF99}.Release|x86.ActiveCfg = Release|Any CPU
	EndGlobalSection
	GlobalSection(SolutionProperties) = preSolution
		HideSolutionNode = FALSE
	EndGlobalSection
	GlobalSection(ExtensibilityGlobals) = postSolution
		SolutionGuid = {4F8DDCD1-4AB8-4052-9866-DF9CD15CEE43}
	EndGlobalSection
EndGlobal
