
Microsoft Visual Studio Solution File, Format Version 11.00
# Visual Studio 2010
Project("{FAE04EC0-301F-11D3-BF4B-00C04F79EFBC}") = "Lzo64", "Lzo64.csproj", "{730FEFD9-D8AC-4978-9434-3066C54FC25D}"
EndProject
Global
	GlobalSection(SolutionConfigurationPlatforms) = preSolution
		Debug|x86 = Debug|x86
		Release|x86 = Release|x86
	EndGlobalSection
	GlobalSection(ProjectConfigurationPlatforms) = postSolution
		{730FEFD9-D8AC-4978-9434-3066C54FC25D}.Debug|x86.ActiveCfg = Debug|x86
		{730FEFD9-D8AC-4978-9434-3066C54FC25D}.Debug|x86.Build.0 = Debug|x86
		{730FEFD9-D8AC-4978-9434-3066C54FC25D}.Release|x86.ActiveCfg = Release|x86
		{730FEFD9-D8AC-4978-9434-3066C54FC25D}.Release|x86.Build.0 = Release|x86
	EndGlobalSection
	GlobalSection(SolutionProperties) = preSolution
		HideSolutionNode = FALSE
	EndGlobalSection
EndGlobal
